// !$*UTF8*$!
{
	archiveVersion = 1;
	classes = {
	};
	objectVersion = 46;
	objects = {

/* Begin PBXBuildFile section */
		14076DD81DA2E05F002C00B8 /* AppDelegate.swift in Sources */ = {isa = PBXBuildFile; fileRef = 14076DD71DA2E05F002C00B8 /* AppDelegate.swift */; };
		14076DDA1DA2E05F002C00B8 /* ViewController.swift in Sources */ = {isa = PBXBuildFile; fileRef = 14076DD91DA2E05F002C00B8 /* ViewController.swift */; };
		14076DDD1DA2E05F002C00B8 /* Main.storyboard in Resources */ = {isa = PBXBuildFile; fileRef = 14076DDB1DA2E05F002C00B8 /* Main.storyboard */; };
		14076DDF1DA2E05F002C00B8 /* Assets.xcassets in Resources */ = {isa = PBXBuildFile; fileRef = 14076DDE1DA2E05F002C00B8 /* Assets.xcassets */; };
		14076DE21DA2E05F002C00B8 /* LaunchScreen.storyboard in Resources */ = {isa = PBXBuildFile; fileRef = 14076DE01DA2E05F002C00B8 /* LaunchScreen.storyboard */; };
		14076DEA1DA2E0EF002C00B8 /* RadioPlayer.swift in Sources */ = {isa = PBXBuildFile; fileRef = 14076DE91DA2E0EF002C00B8 /* RadioPlayer.swift */; };
/* End PBXBuildFile section */

/* Begin PBXFileReference section */
		14076DD41DA2E05F002C00B8 /* RadioTest.app */ = {isa = PBXFileReference; explicitFileType = wrapper.application; includeInIndex = 0; path = RadioTest.app; sourceTree = BUILT_PRODUCTS_DIR; };
		14076DD71DA2E05F002C00B8 /* AppDelegate.swift */ = {isa = PBXFileReference; lastKnownFileType = sourcecode.swift; path = AppDelegate.swift; sourceTree = "<group>"; };
		14076DD91DA2E05F002C00B8 /* ViewController.swift */ = {isa = PBXFileReference; lastKnownFileType = sourcecode.swift; path = ViewController.swift; sourceTree = "<group>"; };
		14076DDC1DA2E05F002C00B8 /* Base */ = {isa = PBXFileReference; lastKnownFileType = file.storyboard; name = Base; path = Base.lproj/Main.storyboard; sourceTree = "<group>"; };
		14076DDE1DA2E05F002C00B8 /* Assets.xcassets */ = {isa = PBXFileReference; lastKnownFileType = folder.assetcatalog; path = Assets.xcassets; sourceTree = "<group>"; };
		14076DE11DA2E05F002C00B8 /* Base */ = {isa = PBXFileReference; lastKnownFileType = file.storyboard; name = Base; path = Base.lproj/LaunchScreen.storyboard; sourceTree = "<group>"; };
		14076DE31DA2E05F002C00B8 /* Info.plist */ = {isa = PBXFileReference; lastKnownFileType = text.plist.xml; path = Info.plist; sourceTree = "<group>"; };
		14076DE91DA2E0EF002C00B8 /* RadioPlayer.swift */ = {isa = PBXFileReference; fileEncoding = 4; lastKnownFileType = sourcecode.swift; path = RadioPlayer.swift; sourceTree = "<group>"; };
		146BFCF81DAC1BFC008D4686 /* RadioTest.entitlements */ = {isa = PBXFileReference; lastKnownFileType = text.plist.entitlements; path = RadioTest.entitlements; sourceTree = "<group>"; };
/* End PBXFileReference section */

/* Begin PBXFrameworksBuildPhase section */
		14076DD11DA2E05F002C00B8 /* Frameworks */ = {
			isa = PBXFrameworksBuildPhase;
			buildActionMask = 2147483647;
			files = (
			);
			runOnlyForDeploymentPostprocessing = 0;
		};
/* End PBXFrameworksBuildPhase section */

/* Begin PBXGroup section */
		14076DCB1DA2E05F002C00B8 = {
			isa = PBXGroup;
			children = (
				14076DD61DA2E05F002C00B8 /* RadioTest */,
				14076DD51DA2E05F002C00B8 /* Products */,
				146BFCF51DAC1BFC008D4686 /* Frameworks */,
			);
			sourceTree = "<group>";
		};
		14076DD51DA2E05F002C00B8 /* Products */ = {
			isa = PBXGroup;
			children = (
				14076DD41DA2E05F002C00B8 /* RadioTest.app */,
			);
			name = Products;
			sourceTree = "<group>";
		};
		14076DD61DA2E05F002C00B8 /* RadioTest */ = {
			isa = PBXGroup;
			children = (
				146BFCF81DAC1BFC008D4686 /* RadioTest.entitlements */,
				14076DD71DA2E05F002C00B8 /* AppDelegate.swift */,
				14076DD91DA2E05F002C00B8 /* ViewController.swift */,
				14076DDB1DA2E05F002C00B8 /* Main.storyboard */,
				14076DDE1DA2E05F002C00B8 /* Assets.xcassets */,
				14076DE01DA2E05F002C00B8 /* LaunchScreen.storyboard */,
				14076DE31DA2E05F002C00B8 /* Info.plist */,
				14076DE91DA2E0EF002C00B8 /* RadioPlayer.swift */,
			);
			path = RadioTest;
			sourceTree = "<group>";
		};
		146BFCF51DAC1BFC008D4686 /* Frameworks */ = {
			isa = PBXGroup;
			children = (
			);
			name = Frameworks;
			sourceTree = "<group>";
		};
/* End PBXGroup section */

/* Begin PBXNativeTarget section */
		14076DD31DA2E05F002C00B8 /* RadioTest */ = {
			isa = PBXNativeTarget;
			buildConfigurationList = 14076DE61DA2E05F002C00B8 /* Build configuration list for PBXNativeTarget "RadioTest" */;
			buildPhases = (
				14076DD01DA2E05F002C00B8 /* Sources */,
				14076DD11DA2E05F002C00B8 /* Frameworks */,
				14076DD21DA2E05F002C00B8 /* Resources */,
			);
			buildRules = (
			);
			dependencies = (
			);
			name = RadioTest;
			productName = RadioTest;
			productReference = 14076DD41DA2E05F002C00B8 /* RadioTest.app */;
			productType = "com.apple.product-type.application";
		};
/* End PBXNativeTarget section */

/* Begin PBXProject section */
		14076DCC1DA2E05F002C00B8 /* Project object */ = {
			isa = PBXProject;
			attributes = {
				LastSwiftUpdateCheck = 0800;
				LastUpgradeCheck = 0810;
				ORGANIZATIONNAME = "Hwang Lee";
				TargetAttributes = {
					14076DD31DA2E05F002C00B8 = {
						CreatedOnToolsVersion = 8.0;
						DevelopmentTeam = H9X6NAZWVY;
						ProvisioningStyle = Automatic;
						SystemCapabilities = {
							com.apple.BackgroundModes = {
								enabled = 1;
							};
							com.apple.WAC = {
								enabled = 0;
							};
						};
					};
				};
			};
			buildConfigurationList = 14076DCF1DA2E05F002C00B8 /* Build configuration list for PBXProject "RadioTest" */;
			compatibilityVersion = "Xcode 3.2";
			developmentRegion = English;
			hasScannedForEncodings = 0;
			knownRegions = (
				en,
				Base,
			);
			mainGroup = 14076DCB1DA2E05F002C00B8;
			productRefGroup = 14076DD51DA2E05F002C00B8 /* Products */;
			projectDirPath = "";
			projectRoot = "";
			targets = (
				14076DD31DA2E05F002C00B8 /* RadioTest */,
			);
		};
/* End PBXProject section */

/* Begin PBXResourcesBuildPhase section */
		14076DD21DA2E05F002C00B8 /* Resources */ = {
			isa = PBXResourcesBuildPhase;
			buildActionMask = 2147483647;
			files = (
				14076DE21DA2E05F002C00B8 /* LaunchScreen.storyboard in Resources */,
				14076DDF1DA2E05F002C00B8 /* Assets.xcassets in Resources */,
				14076DDD1DA2E05F002C00B8 /* Main.storyboard in Resources */,
			);
			runOnlyForDeploymentPostprocessing = 0;
		};
/* End PBXResourcesBuildPhase section */

/* Begin PBXSourcesBuildPhase section */
		14076DD01DA2E05F002C00B8 /* Sources */ = {
			isa = PBXSourcesBuildPhase;
			buildActionMask = 2147483647;
			files = (
				14076DEA1DA2E0EF002C00B8 /* RadioPlayer.swift in Sources */,
				14076DDA1DA2E05F002C00B8 /* ViewController.swift in Sources */,
				14076DD81DA2E05F002C00B8 /* AppDelegate.swift in Sources */,
			);
			runOnlyForDeploymentPostprocessing = 0;
		};
/* End PBXSourcesBuildPhase section */

/* Begin PBXVariantGroup section */
		14076DDB1DA2E05F002C00B8 /* Main.storyboard */ = {
			isa = PBXVariantGroup;
			children = (
				14076DDC1DA2E05F002C00B8 /* Base */,
			);
			name = Main.storyboard;
			sourceTree = "<group>";
		};
		14076DE01DA2E05F002C00B8 /* LaunchScreen.storyboard */ = {
			isa = PBXVariantGroup;
			children = (
				14076DE11DA2E05F002C00B8 /* Base */,
			);
			name = LaunchScreen.storyboard;
			sourceTree = "<group>";
		};
/* End PBXVariantGroup section */

/* Begin XCBuildConfiguration section */
		14076DE41DA2E05F002C00B8 /* Debug */ = {
			isa = XCBuildConfiguration;
			buildSettings = {
				ALWAYS_SEARCH_USER_PATHS = NO;
				CLANG_ANALYZER_NONNULL = YES;
				CLANG_CXX_LANGUAGE_STANDARD = "gnu++0x";
				CLANG_CXX_LIBRARY = "libc++";
				CLANG_ENABLE_MODULES = YES;
				CLANG_ENABLE_OBJC_ARC = YES;
				CLANG_WARN_BOOL_CONVERSION = YES;
				CLANG_WARN_CONSTANT_CONVERSION = YES;
				CLANG_WARN_DIRECT_OBJC_ISA_USAGE = YES_ERROR;
				CLANG_WARN_DOCUMENTATION_COMMENTS = YES;
				CLANG_WARN_EMPTY_BODY = YES;
				CLANG_WARN_ENUM_CONVERSION = YES;
				CLANG_WARN_INFINITE_RECURSION = YES;
				CLANG_WARN_INT_CONVERSION = YES;
				CLANG_WARN_OBJC_ROOT_CLASS = YES_ERROR;
				CLANG_WARN_SUSPICIOUS_MOVE = YES;
				CLANG_WARN_SUSPICIOUS_MOVES = YES;
				CLANG_WARN_UNREACHABLE_CODE = YES;
				CLANG_WARN__DUPLICATE_METHOD_MATCH = YES;
				"CODE_SIGN_IDENTITY[sdk=iphoneos*]" = "iPhone Developer";
				COPY_PHASE_STRIP = NO;
				DEBUG_INFORMATION_FORMAT = dwarf;
				ENABLE_STRICT_OBJC_MSGSEND = YES;
				ENABLE_TESTABILITY = YES;
				GCC_C_LANGUAGE_STANDARD = gnu99;
				GCC_DYNAMIC_NO_PIC = NO;
				GCC_NO_COMMON_BLOCKS = YES;
				GCC_OPTIMIZATION_LEVEL = 0;
				GCC_PREPROCESSOR_DEFINITIONS = (
					"DEBUG=1",
					"$(inherited)",
				);
				GCC_WARN_64_TO_32_BIT_CONVERSION = YES;
				GCC_WARN_ABOUT_RETURN_TYPE = YES_ERROR;
				GCC_WARN_UNDECLARED_SELECTOR = YES;
				GCC_WARN_UNINITIALIZED_AUTOS = YES_AGGRESSIVE;
				GCC_WARN_UNUSED_FUNCTION = YES;
				GCC_WARN_UNUSED_VARIABLE = YES;
				IPHONEOS_DEPLOYMENT_TARGET = 10.0;
				MTL_ENABLE_DEBUG_INFO = YES;
				ONLY_ACTIVE_ARCH = YES;
				SDKROOT = iphoneos;
				SWIFT_ACTIVE_COMPILATION_CONDITIONS = DEBUG;
				SWIFT_OPTIMIZATION_LEVEL = "-Onone";
				TARGETED_DEVICE_FAMILY = "1,2";
			};
			name = Debug;
		};
		14076DE51DA2E05F002C00B8 /* Release */ = {
			isa = XCBuildConfiguration;
			buildSettings = {
				ALWAYS_SEARCH_USER_PATHS = NO;
				CLANG_ANALYZER_NONNULL = YES;
				CLANG_CXX_LANGUAGE_STANDARD = "gnu++0x";
				CLANG_CXX_LIBRARY = "libc++";
				CLANG_ENABLE_MODULES = YES;
				CLANG_ENABLE_OBJC_ARC = YES;
				CLANG_WARN_BOOL_CONVERSION = YES;
				CLANG_WARN_CONSTANT_CONVERSION = YES;
				CLANG_WARN_DIRECT_OBJC_ISA_USAGE = YES_ERROR;
				CLANG_WARN_DOCUMENTATION_COMMENTS = YES;
				CLANG_WARN_EMPTY_BODY = YES;
				CLANG_WARN_ENUM_CONVERSION = YES;
				CLANG_WARN_INFINITE_RECURSION = YES;
				CLANG_WARN_INT_CONVERSION = YES;
				CLANG_WARN_OBJC_ROOT_CLASS = YES_ERROR;
				CLANG_WARN_SUSPICIOUS_MOVE = YES;
				CLANG_WARN_SUSPICIOUS_MOVES = YES;
				CLANG_WARN_UNREACHABLE_CODE = YES;
				CLANG_WARN__DUPLICATE_METHOD_MATCH = YES;
				"CODE_SIGN_IDENTITY[sdk=iphoneos*]" = "iPhone Developer";
				COPY_PHASE_STRIP = NO;
				DEBUG_INFORMATION_FORMAT = "dwarf-with-dsym";
				ENABLE_NS_ASSERTIONS = NO;
				ENABLE_STRICT_OBJC_MSGSEND = YES;
				GCC_C_LANGUAGE_STANDARD = gnu99;
				GCC_NO_COMMON_BLOCKS = YES;
				GCC_WARN_64_TO_32_BIT_CONVERSION = YES;
				GCC_WARN_ABOUT_RETURN_TYPE = YES_ERROR;
				GCC_WARN_UNDECLARED_SELECTOR = YES;
				GCC_WARN_UNINITIALIZED_AUTOS = YES_AGGRESSIVE;
				GCC_WARN_UNUSED_FUNCTION = YES;
				GCC_WARN_UNUSED_VARIABLE = YES;
				IPHONEOS_DEPLOYMENT_TARGET = 10.0;
				MTL_ENABLE_DEBUG_INFO = NO;
				SDKROOT = iphoneos;
				SWIFT_OPTIMIZATION_LEVEL = "-Owholemodule";
				TARGETED_DEVICE_FAMILY = "1,2";
				VALIDATE_PRODUCT = YES;
			};
			name = Release;
		};
		14076DE71DA2E05F002C00B8 /* Debug */ = {
			isa = XCBuildConfiguration;
			buildSettings = {
				ASSETCATALOG_COMPILER_APPICON_NAME = AppIcon;
				DEVELOPMENT_TEAM = H9X6NAZWVY;
				INFOPLIST_FILE = RadioTest/Info.plist;
				IPHONEOS_DEPLOYMENT_TARGET = 9;
				LD_RUNPATH_SEARCH_PATHS = "$(inherited) @executable_path/Frameworks";
				PRODUCT_BUNDLE_IDENTIFIER = com.hwanglee.RadioTest;
				PRODUCT_NAME = "$(TARGET_NAME)";
				SWIFT_VERSION = 3.0;
			};
			name = Debug;
		};
		14076DE81DA2E05F002C00B8 /* Release */ = {
			isa = XCBuildConfiguration;
			buildSettings = {
				ASSETCATALOG_COMPILER_APPICON_NAME = AppIcon;
				DEVELOPMENT_TEAM = H9X6NAZWVY;
				INFOPLIST_FILE = RadioTest/Info.plist;
				IPHONEOS_DEPLOYMENT_TARGET = 9;
				LD_RUNPATH_SEARCH_PATHS = "$(inherited) @executable_path/Frameworks";
				PRODUCT_BUNDLE_IDENTIFIER = com.hwanglee.RadioTest;
				PRODUCT_NAME = "$(TARGET_NAME)";
				SWIFT_VERSION = 3.0;
			};
			name = Release;
		};
/* End XCBuildConfiguration section */

/* Begin XCConfigurationList section */
		14076DCF1DA2E05F002C00B8 /* Build configuration list for PBXProject "RadioTest" */ = {
			isa = XCConfigurationList;
			buildConfigurations = (
				14076DE41DA2E05F002C00B8 /* Debug */,
				14076DE51DA2E05F002C00B8 /* Release */,
			);
			defaultConfigurationIsVisible = 0;
			defaultConfigurationName = Release;
		};
		14076DE61DA2E05F002C00B8 /* Build configuration list for PBXNativeTarget "RadioTest" */ = {
			isa = XCConfigurationList;
			buildConfigurations = (
				14076DE71DA2E05F002C00B8 /* Debug */,
				14076DE81DA2E05F002C00B8 /* Release */,
			);
			defaultConfigurationIsVisible = 0;
			defaultConfigurationName = Release;
		};
/* End XCConfigurationList section */
	};
	rootObject = 14076DCC1DA2E05F002C00B8 /* Project object */;
}
