// !$*UTF8*$!
{
	archiveVersion = 1;
	classes = {
	};
	objectVersion = 46;
	objects = {

/* Begin PBXBuildFile section */
		14076DD81DA2E05F002C00B8 /* AppDelegate.swift in Sources */ = {isa = PBXBuildFile; fileRef = 14076DD71DA2E05F002C00B8 /* AppDelegate.swift */; };
		14076DDA1DA2E05F002C00B8 /* ViewController.swift in Sources */ = {isa = PBXBuildFile; fileRef = 14076DD91DA2E05F002C00B8 /* ViewController.swift */; };
		14076DDD1DA2E05F002C00B8 /* Main.storyboard in Resources */ = {isa = PBXBuildFile; fileRef = 14076DDB1DA2E05F002C00B8 /* Main.storyboard */; };
		14076DDF1DA2E05F002C00B8 /* Assets.xcassets in Resources */ = {isa = PBXBuildFile; fileRef = 14076DDE1DA2E05F002C00B8 /* Assets.xcassets */; };
		14076DE21DA2E05F002C00B8 /* LaunchScreen.storyboard in Resources */ = {isa = PBXBuildFile; fileRef = 14076DE01DA2E05F002C00B8 /* LaunchScreen.storyboard */; };
		14076DEA1DA2E0EF002C00B8 /* RadioPlayer.swift in Sources */ = {isa = PBXBuildFile; fileRef = 14076DE91DA2E0EF002C00B8 /* RadioPlayer.swift */; };
		B5311AC31E70EF8100751071 /* ScheduleView.swift in Sources */ = {isa = PBXBuildFile; fileRef = B5311AC21E70EF8100751071 /* ScheduleView.swift */; };
		B5B4FB751E8C93F10060CA09 /* Scraper.swift in Sources */ = {isa = PBXBuildFile; fileRef = B5B4FB741E8C93F10060CA09 /* Scraper.swift */; };
		B5C234C61E7A178F0069D9F4 /* Avenir-Black.ttf in Resources */ = {isa = PBXBuildFile; fileRef = B5C234C21E7A178F0069D9F4 /* Avenir-Black.ttf */; };
		B5C234C71E7A178F0069D9F4 /* Avenir-Heavy.ttf in Resources */ = {isa = PBXBuildFile; fileRef = B5C234C31E7A178F0069D9F4 /* Avenir-Heavy.ttf */; };
		B5C234C81E7A178F0069D9F4 /* Avenir-Light.ttf in Resources */ = {isa = PBXBuildFile; fileRef = B5C234C41E7A178F0069D9F4 /* Avenir-Light.ttf */; };
		B5C234C91E7A178F0069D9F4 /* Avenir-Medium.ttf in Resources */ = {isa = PBXBuildFile; fileRef = B5C234C51E7A178F0069D9F4 /* Avenir-Medium.ttf */; };
/* End PBXBuildFile section */

/* Begin PBXFileReference section */
		14076DD41DA2E05F002C00B8 /* RadioTest.app */ = {isa = PBXFileReference; explicitFileType = wrapper.application; includeInIndex = 0; path = RadioTest.app; sourceTree = BUILT_PRODUCTS_DIR; };
		14076DD71DA2E05F002C00B8 /* AppDelegate.swift */ = {isa = PBXFileReference; lastKnownFileType = sourcecode.swift; path = AppDelegate.swift; sourceTree = "<group>"; };
		14076DD91DA2E05F002C00B8 /* ViewController.swift */ = {isa = PBXFileReference; lastKnownFileType = sourcecode.swift; path = ViewController.swift; sourceTree = "<group>"; };
		14076DDC1DA2E05F002C00B8 /* Base */ = {isa = PBXFileReference; lastKnownFileType = file.storyboard; name = Base; path = Base.lproj/Main.storyboard; sourceTree = "<group>"; };
		14076DDE1DA2E05F002C00B8 /* Assets.xcassets */ = {isa = PBXFileReference; lastKnownFileType = folder.assetcatalog; path = Assets.xcassets; sourceTree = "<group>"; };
		14076DE11DA2E05F002C00B8 /* Base */ = {isa = PBXFileReference; lastKnownFileType = file.storyboard; name = Base; path = Base.lproj/LaunchScreen.storyboard; sourceTree = "<group>"; };
		14076DE31DA2E05F002C00B8 /* Info.plist */ = {isa = PBXFileReference; lastKnownFileType = text.plist.xml; path = Info.plist; sourceTree = "<group>"; };
		14076DE91DA2E0EF002C00B8 /* RadioPlayer.swift */ = {isa = PBXFileReference; fileEncoding = 4; lastKnownFileType = sourcecode.swift; path = RadioPlayer.swift; sourceTree = "<group>"; };
		146BFCF81DAC1BFC008D4686 /* RadioTest.entitlements */ = {isa = PBXFileReference; lastKnownFileType = text.plist.entitlements; path = RadioTest.entitlements; sourceTree = "<group>"; };
		6BB7F1B7E8C666637EF933F4 /* Pods-RadioTest.debug.xcconfig */ = {isa = PBXFileReference; includeInIndex = 1; lastKnownFileType = text.xcconfig; name = "Pods-RadioTest.debug.xcconfig"; path = "Pods/Target Support Files/Pods-RadioTest/Pods-RadioTest.debug.xcconfig"; sourceTree = "<group>"; };
		B5311AC21E70EF8100751071 /* ScheduleView.swift */ = {isa = PBXFileReference; fileEncoding = 4; lastKnownFileType = sourcecode.swift; name = ScheduleView.swift; path = ../ScheduleView.swift; sourceTree = "<group>"; };
		B5B4FB741E8C93F10060CA09 /* Scraper.swift */ = {isa = PBXFileReference; fileEncoding = 4; lastKnownFileType = sourcecode.swift; path = Scraper.swift; sourceTree = "<group>"; };
		B5B4FB761E8C953C0060CA09 /* Alamofire.framework */ = {isa = PBXFileReference; lastKnownFileType = wrapper.framework; name = Alamofire.framework; path = "../../../../../../Developer/Xcode/DerivedData/RadioTest-froyuqunihwozlaucruuavalkebj/Build/Products/Release-iphonesimulator/Alamofire/Alamofire.framework"; sourceTree = "<group>"; };
		B5C234C21E7A178F0069D9F4 /* Avenir-Black.ttf */ = {isa = PBXFileReference; lastKnownFileType = file; path = "Avenir-Black.ttf"; sourceTree = "<group>"; };
		B5C234C31E7A178F0069D9F4 /* Avenir-Heavy.ttf */ = {isa = PBXFileReference; lastKnownFileType = file; path = "Avenir-Heavy.ttf"; sourceTree = "<group>"; };
		B5C234C41E7A178F0069D9F4 /* Avenir-Light.ttf */ = {isa = PBXFileReference; lastKnownFileType = file; path = "Avenir-Light.ttf"; sourceTree = "<group>"; };
		B5C234C51E7A178F0069D9F4 /* Avenir-Medium.ttf */ = {isa = PBXFileReference; lastKnownFileType = file; path = "Avenir-Medium.ttf"; sourceTree = "<group>"; };
		E12F40232A4E080770BA1FAA /* Pods-RadioTest.release.xcconfig */ = {isa = PBXFileReference; includeInIndex = 1; lastKnownFileType = text.xcconfig; name = "Pods-RadioTest.release.xcconfig"; path = "Pods/Target Support Files/Pods-RadioTest/Pods-RadioTest.release.xcconfig"; sourceTree = "<group>"; };
/* End PBXFileReference section */

/* Begin PBXFrameworksBuildPhase section */
		14076DD11DA2E05F002C00B8 /* Frameworks */ = {
			isa = PBXFrameworksBuildPhase;
			buildActionMask = 2147483647;
			files = (
			);
			runOnlyForDeploymentPostprocessing = 0;
		};
/* End PBXFrameworksBuildPhase section */

/* Begin PBXGroup section */
		14076DCB1DA2E05F002C00B8 = {
			isa = PBXGroup;
			children = (
				14076DD61DA2E05F002C00B8 /* RadioTest */,
				14076DD51DA2E05F002C00B8 /* Products */,
				146BFCF51DAC1BFC008D4686 /* Frameworks */,
				FE871186742D55670631E6AE /* Pods */,
			);
			sourceTree = "<group>";
		};
		14076DD51DA2E05F002C00B8 /* Products */ = {
			isa = PBXGroup;
			children = (
				14076DD41DA2E05F002C00B8 /* RadioTest.app */,
			);
			name = Products;
			sourceTree = "<group>";
		};
		14076DD61DA2E05F002C00B8 /* RadioTest */ = {
			isa = PBXGroup;
			children = (
				146BFCF81DAC1BFC008D4686 /* RadioTest.entitlements */,
				14076DD71DA2E05F002C00B8 /* AppDelegate.swift */,
				14076DD91DA2E05F002C00B8 /* ViewController.swift */,
				B5311AC21E70EF8100751071 /* ScheduleView.swift */,
				B5B4FB741E8C93F10060CA09 /* Scraper.swift */,
				14076DDB1DA2E05F002C00B8 /* Main.storyboard */,
				14076DDE1DA2E05F002C00B8 /* Assets.xcassets */,
				14076DE01DA2E05F002C00B8 /* LaunchScreen.storyboard */,
				14076DE31DA2E05F002C00B8 /* Info.plist */,
				14076DE91DA2E0EF002C00B8 /* RadioPlayer.swift */,
			);
			path = RadioTest;
			sourceTree = "<group>";
		};
		146BFCF51DAC1BFC008D4686 /* Frameworks */ = {
			isa = PBXGroup;
			children = (
				B5B4FB761E8C953C0060CA09 /* Alamofire.framework */,
				B5C234C21E7A178F0069D9F4 /* Avenir-Black.ttf */,
				B5C234C31E7A178F0069D9F4 /* Avenir-Heavy.ttf */,
				B5C234C41E7A178F0069D9F4 /* Avenir-Light.ttf */,
				B5C234C51E7A178F0069D9F4 /* Avenir-Medium.ttf */,
			);
			name = Frameworks;
			sourceTree = "<group>";
		};
		FE871186742D55670631E6AE /* Pods */ = {
			isa = PBXGroup;
			children = (
				6BB7F1B7E8C666637EF933F4 /* Pods-RadioTest.debug.xcconfig */,
				E12F40232A4E080770BA1FAA /* Pods-RadioTest.release.xcconfig */,
			);
			name = Pods;
			sourceTree = "<group>";
		};
/* End PBXGroup section */

/* Begin PBXNativeTarget section */
		14076DD31DA2E05F002C00B8 /* RadioTest */ = {
			isa = PBXNativeTarget;
			buildConfigurationList = 14076DE61DA2E05F002C00B8 /* Build configuration list for PBXNativeTarget "RadioTest" */;
			buildPhases = (
				2462DC957DE7D8EB52CA2AB2 /* [CP] Check Pods Manifest.lock */,
				14076DD01DA2E05F002C00B8 /* Sources */,
				14076DD11DA2E05F002C00B8 /* Frameworks */,
				14076DD21DA2E05F002C00B8 /* Resources */,
				882C02EA886125CF1EFF80FC /* [CP] Embed Pods Frameworks */,
				F0D525E14F25E57F1FD40FBE /* [CP] Copy Pods Resources */,
			);
			buildRules = (
			);
			dependencies = (
			);
			name = RadioTest;
			productName = RadioTest;
			productReference = 14076DD41DA2E05F002C00B8 /* RadioTest.app */;
			productType = "com.apple.product-type.application";
		};
/* End PBXNativeTarget section */

/* Begin PBXProject section */
		14076DCC1DA2E05F002C00B8 /* Project object */ = {
			isa = PBXProject;
			attributes = {
				LastSwiftUpdateCheck = 0800;
				LastUpgradeCheck = 0810;
				ORGANIZATIONNAME = "Hwang Lee";
				TargetAttributes = {
					14076DD31DA2E05F002C00B8 = {
						CreatedOnToolsVersion = 8.0;
						DevelopmentTeam = JVV8PXWK72;
						ProvisioningStyle = Manual;
						SystemCapabilities = {
							com.apple.BackgroundModes = {
								enabled = 1;
							};
							com.apple.WAC = {
								enabled = 0;
							};
						};
					};
				};
			};
			buildConfigurationList = 14076DCF1DA2E05F002C00B8 /* Build configuration list for PBXProject "RadioTest" */;
			compatibilityVersion = "Xcode 3.2";
			developmentRegion = English;
			hasScannedForEncodings = 0;
			knownRegions = (
				en,
				Base,
			);
			mainGroup = 14076DCB1DA2E05F002C00B8;
			productRefGroup = 14076DD51DA2E05F002C00B8 /* Products */;
			projectDirPath = "";
			projectRoot = "";
			targets = (
				14076DD31DA2E05F002C00B8 /* RadioTest */,
			);
		};
/* End PBXProject section */

/* Begin PBXResourcesBuildPhase section */
		14076DD21DA2E05F002C00B8 /* Resources */ = {
			isa = PBXResourcesBuildPhase;
			buildActionMask = 2147483647;
			files = (
				B5C234C91E7A178F0069D9F4 /* Avenir-Medium.ttf in Resources */,
				14076DE21DA2E05F002C00B8 /* LaunchScreen.storyboard in Resources */,
				14076DDF1DA2E05F002C00B8 /* Assets.xcassets in Resources */,
				B5C234C81E7A178F0069D9F4 /* Avenir-Light.ttf in Resources */,
				B5C234C61E7A178F0069D9F4 /* Avenir-Black.ttf in Resources */,
				14076DDD1DA2E05F002C00B8 /* Main.storyboard in Resources */,
				B5C234C71E7A178F0069D9F4 /* Avenir-Heavy.ttf in Resources */,
			);
			runOnlyForDeploymentPostprocessing = 0;
		};
/* End PBXResourcesBuildPhase section */

/* Begin PBXShellScriptBuildPhase section */
		2462DC957DE7D8EB52CA2AB2 /* [CP] Check Pods Manifest.lock */ = {
			isa = PBXShellScriptBuildPhase;
			buildActionMask = 2147483647;
			files = (
			);
			inputPaths = (
			);
			name = "[CP] Check Pods Manifest.lock";
			outputPaths = (
			);
			runOnlyForDeploymentPostprocessing = 0;
			shellPath = /bin/sh;
			shellScript = "diff \"${PODS_ROOT}/../Podfile.lock\" \"${PODS_ROOT}/Manifest.lock\" > /dev/null\nif [ $? != 0 ] ; then\n    # print error to STDERR\n    echo \"error: The sandbox is not in sync with the Podfile.lock. Run 'pod install' or update your CocoaPods installation.\" >&2\n    exit 1\nfi\n";
			showEnvVarsInLog = 0;
		};
		882C02EA886125CF1EFF80FC /* [CP] Embed Pods Frameworks */ = {
			isa = PBXShellScriptBuildPhase;
			buildActionMask = 2147483647;
			files = (
			);
			inputPaths = (
			);
			name = "[CP] Embed Pods Frameworks";
			outputPaths = (
			);
			runOnlyForDeploymentPostprocessing = 0;
			shellPath = /bin/sh;
			shellScript = "\"${SRCROOT}/Pods/Target Support Files/Pods-RadioTest/Pods-RadioTest-frameworks.sh\"\n";
			showEnvVarsInLog = 0;
		};
		F0D525E14F25E57F1FD40FBE /* [CP] Copy Pods Resources */ = {
			isa = PBXShellScriptBuildPhase;
			buildActionMask = 2147483647;
			files = (
			);
			inputPaths = (
			);
			name = "[CP] Copy Pods Resources";
			outputPaths = (
			);
			runOnlyForDeploymentPostprocessing = 0;
			shellPath = /bin/sh;
			shellScript = "\"${SRCROOT}/Pods/Target Support Files/Pods-RadioTest/Pods-RadioTest-resources.sh\"\n";
			showEnvVarsInLog = 0;
		};
/* End PBXShellScriptBuildPhase section */

/* Begin PBXSourcesBuildPhase section */
		14076DD01DA2E05F002C00B8 /* Sources */ = {
			isa = PBXSourcesBuildPhase;
			buildActionMask = 2147483647;
			files = (
				B5311AC31E70EF8100751071 /* ScheduleView.swift in Sources */,
				14076DEA1DA2E0EF002C00B8 /* RadioPlayer.swift in Sources */,
				14076DDA1DA2E05F002C00B8 /* ViewController.swift in Sources */,
				B5B4FB751E8C93F10060CA09 /* Scraper.swift in Sources */,
				14076DD81DA2E05F002C00B8 /* AppDelegate.swift in Sources */,
			);
			runOnlyForDeploymentPostprocessing = 0;
		};
/* End PBXSourcesBuildPhase section */

/* Begin PBXVariantGroup section */
		14076DDB1DA2E05F002C00B8 /* Main.storyboard */ = {
			isa = PBXVariantGroup;
			children = (
				14076DDC1DA2E05F002C00B8 /* Base */,
			);
			name = Main.storyboard;
			sourceTree = "<group>";
		};
		14076DE01DA2E05F002C00B8 /* LaunchScreen.storyboard */ = {
			isa = PBXVariantGroup;
			children = (
				14076DE11DA2E05F002C00B8 /* Base */,
			);
			name = LaunchScreen.storyboard;
			sourceTree = "<group>";
		};
/* End PBXVariantGroup section */

/* Begin XCBuildConfiguration section */
		14076DE41DA2E05F002C00B8 /* Debug */ = {
			isa = XCBuildConfiguration;
			buildSettings = {
				ALWAYS_SEARCH_USER_PATHS = NO;
				CLANG_ANALYZER_NONNULL = YES;
				CLANG_CXX_LANGUAGE_STANDARD = "gnu++0x";
				CLANG_CXX_LIBRARY = "libc++";
				CLANG_ENABLE_MODULES = YES;
				CLANG_ENABLE_OBJC_ARC = YES;
				CLANG_WARN_BOOL_CONVERSION = YES;
				CLANG_WARN_CONSTANT_CONVERSION = YES;
				CLANG_WARN_DIRECT_OBJC_ISA_USAGE = YES_ERROR;
				CLANG_WARN_DOCUMENTATION_COMMENTS = YES;
				CLANG_WARN_EMPTY_BODY = YES;
				CLANG_WARN_ENUM_CONVERSION = YES;
				CLANG_WARN_INFINITE_RECURSION = YES;
				CLANG_WARN_INT_CONVERSION = YES;
				CLANG_WARN_OBJC_ROOT_CLASS = YES_ERROR;
				CLANG_WARN_SUSPICIOUS_MOVE = YES;
				CLANG_WARN_SUSPICIOUS_MOVES = YES;
				CLANG_WARN_UNREACHABLE_CODE = YES;
				CLANG_WARN__DUPLICATE_METHOD_MATCH = YES;
				"CODE_SIGN_IDENTITY[sdk=iphoneos*]" = "iPhone Developer";
				COPY_PHASE_STRIP = NO;
				DEBUG_INFORMATION_FORMAT = dwarf;
				ENABLE_STRICT_OBJC_MSGSEND = YES;
				ENABLE_TESTABILITY = YES;
				GCC_C_LANGUAGE_STANDARD = gnu99;
				GCC_DYNAMIC_NO_PIC = NO;
				GCC_NO_COMMON_BLOCKS = YES;
				GCC_OPTIMIZATION_LEVEL = 0;
				GCC_PREPROCESSOR_DEFINITIONS = (
					"DEBUG=1",
					"$(inherited)",
				);
				GCC_WARN_64_TO_32_BIT_CONVERSION = YES;
				GCC_WARN_ABOUT_RETURN_TYPE = YES_ERROR;
				GCC_WARN_UNDECLARED_SELECTOR = YES;
				GCC_WARN_UNINITIALIZED_AUTOS = YES_AGGRESSIVE;
				GCC_WARN_UNUSED_FUNCTION = YES;
				GCC_WARN_UNUSED_VARIABLE = YES;
				IPHONEOS_DEPLOYMENT_TARGET = 9.0;
				MTL_ENABLE_DEBUG_INFO = YES;
				ONLY_ACTIVE_ARCH = YES;
				SDKROOT = iphoneos;
				SWIFT_ACTIVE_COMPILATION_CONDITIONS = DEBUG;
				SWIFT_OPTIMIZATION_LEVEL = "-Onone";
				TARGETED_DEVICE_FAMILY = "1,2";
			};
			name = Debug;
		};
		14076DE51DA2E05F002C00B8 /* Release */ = {
			isa = XCBuildConfiguration;
			buildSettings = {
				ALWAYS_SEARCH_USER_PATHS = NO;
				CLANG_ANALYZER_NONNULL = YES;
				CLANG_CXX_LANGUAGE_STANDARD = "gnu++0x";
				CLANG_CXX_LIBRARY = "libc++";
				CLANG_ENABLE_MODULES = YES;
				CLANG_ENABLE_OBJC_ARC = YES;
				CLANG_WARN_BOOL_CONVERSION = YES;
				CLANG_WARN_CONSTANT_CONVERSION = YES;
				CLANG_WARN_DIRECT_OBJC_ISA_USAGE = YES_ERROR;
				CLANG_WARN_DOCUMENTATION_COMMENTS = YES;
				CLANG_WARN_EMPTY_BODY = YES;
				CLANG_WARN_ENUM_CONVERSION = YES;
				CLANG_WARN_INFINITE_RECURSION = YES;
				CLANG_WARN_INT_CONVERSION = YES;
				CLANG_WARN_OBJC_ROOT_CLASS = YES_ERROR;
				CLANG_WARN_SUSPICIOUS_MOVE = YES;
				CLANG_WARN_SUSPICIOUS_MOVES = YES;
				CLANG_WARN_UNREACHABLE_CODE = YES;
				CLANG_WARN__DUPLICATE_METHOD_MATCH = YES;
				"CODE_SIGN_IDENTITY[sdk=iphoneos*]" = "iPhone Developer";
				COPY_PHASE_STRIP = NO;
				DEBUG_INFORMATION_FORMAT = "dwarf-with-dsym";
				ENABLE_NS_ASSERTIONS = NO;
				ENABLE_STRICT_OBJC_MSGSEND = YES;
				GCC_C_LANGUAGE_STANDARD = gnu99;
				GCC_NO_COMMON_BLOCKS = YES;
				GCC_WARN_64_TO_32_BIT_CONVERSION = YES;
				GCC_WARN_ABOUT_RETURN_TYPE = YES_ERROR;
				GCC_WARN_UNDECLARED_SELECTOR = YES;
				GCC_WARN_UNINITIALIZED_AUTOS = YES_AGGRESSIVE;
				GCC_WARN_UNUSED_FUNCTION = YES;
				GCC_WARN_UNUSED_VARIABLE = YES;
				IPHONEOS_DEPLOYMENT_TARGET = 9.0;
				MTL_ENABLE_DEBUG_INFO = NO;
				SDKROOT = iphoneos;
				SWIFT_OPTIMIZATION_LEVEL = "-Owholemodule";
				TARGETED_DEVICE_FAMILY = "1,2";
				VALIDATE_PRODUCT = YES;
			};
			name = Release;
		};
		14076DE71DA2E05F002C00B8 /* Debug */ = {
			isa = XCBuildConfiguration;
			baseConfigurationReference = 6BB7F1B7E8C666637EF933F4 /* Pods-RadioTest.debug.xcconfig */;
			buildSettings = {
				"CODE_SIGN_IDENTITY[sdk=iphoneos*]" = "iPhone Developer";
				DEVELOPMENT_TEAM = JVV8PXWK72;
				FRAMEWORK_SEARCH_PATHS = (
					"$(inherited)",
					"$(PROJECT_DIR)/build/Debug-iphoneos/Kanna",
				);
				INFOPLIST_FILE = RadioTest/Info.plist;
				IPHONEOS_DEPLOYMENT_TARGET = 9.0;
				LD_RUNPATH_SEARCH_PATHS = "$(inherited) @executable_path/Frameworks";
				PRODUCT_BUNDLE_IDENTIFIER = edu.umd.vpsa.wmuc;
				PRODUCT_NAME = "$(TARGET_NAME)";
				PROVISIONING_PROFILE = "ee6edbfe-eb4e-4217-a673-b2804f50fa6f";
				PROVISIONING_PROFILE_SPECIFIER = "UMD WMUC DEV";
				SWIFT_VERSION = 3.0;
			};
			name = Debug;
		};
		14076DE81DA2E05F002C00B8 /* Release */ = {
			isa = XCBuildConfiguration;
			baseConfigurationReference = E12F40232A4E080770BA1FAA /* Pods-RadioTest.release.xcconfig */;
			buildSettings = {
				"CODE_SIGN_IDENTITY[sdk=iphoneos*]" = "iPhone Developer";
				DEVELOPMENT_TEAM = JVV8PXWK72;
				FRAMEWORK_SEARCH_PATHS = (
					"$(inherited)",
					"$(PROJECT_DIR)/build/Debug-iphoneos/Kanna",
				);
				INFOPLIST_FILE = RadioTest/Info.plist;
				IPHONEOS_DEPLOYMENT_TARGET = 9.0;
				LD_RUNPATH_SEARCH_PATHS = "$(inherited) @executable_path/Frameworks";
				PRODUCT_BUNDLE_IDENTIFIER = edu.umd.vpsa.wmuc;
				PRODUCT_NAME = "$(TARGET_NAME)";
				PROVISIONING_PROFILE = "2c96b255-1ec1-4509-ba0f-f60dcd0f9d09";
				PROVISIONING_PROFILE_SPECIFIER = "UMD WMUC DEV";
				SWIFT_VERSION = 3.0;
			};
			name = Release;
		};
/* End XCBuildConfiguration section */

/* Begin XCConfigurationList section */
		14076DCF1DA2E05F002C00B8 /* Build configuration list for PBXProject "RadioTest" */ = {
			isa = XCConfigurationList;
			buildConfigurations = (
				14076DE41DA2E05F002C00B8 /* Debug */,
				14076DE51DA2E05F002C00B8 /* Release */,
			);
			defaultConfigurationIsVisible = 0;
			defaultConfigurationName = Release;
		};
		14076DE61DA2E05F002C00B8 /* Build configuration list for PBXNativeTarget "RadioTest" */ = {
			isa = XCConfigurationList;
			buildConfigurations = (
				14076DE71DA2E05F002C00B8 /* Debug */,
				14076DE81DA2E05F002C00B8 /* Release */,
			);
			defaultConfigurationIsVisible = 0;
			defaultConfigurationName = Release;
		};
/* End XCConfigurationList section */
	};
	rootObject = 14076DCC1DA2E05F002C00B8 /* Project object */;
}
