PODS:
  - Alamofire (4.5.0)
  - Kanna (2.2.1)
  - SwiftSoup (1.4.2)

DEPENDENCIES:
  - Alamofire
  - Kanna
  - SwiftSoup

SPEC CHECKSUMS:
  Alamofire: f28cdffd29de33a7bfa022cbd63ae95a27fae140
  Kanna: 182789ab065e8f9a6ccc2a74ce6283d3401c0c4a
  SwiftSoup: 9638363718859b469c3d7877b2b6a640348bacb7

PODFILE CHECKSUM: 6b46ca324ff8c3eae02d7529880f69483e5dcf2f

COCOAPODS: 1.2.0
